// !$*UTF8*$!
{
	archiveVersion = 1;
	classes = {
	};
	objectVersion = 46;
	objects = {

/* Begin PBXBuildFile section */
		2522D86221BE360D00E76AEF /* BLActionSheetViewController.m in Sources */ = {isa = PBXBuildFile; fileRef = 2522D86021BE360D00E76AEF /* BLActionSheetViewController.m */; };
		2522D86521BE367800E76AEF /* ActionSheetViewController.m in Sources */ = {isa = PBXBuildFile; fileRef = 2522D86421BE367800E76AEF /* ActionSheetViewController.m */; };
		253F642322FD3C31007E35A8 /* BLRangeSlider.m in Sources */ = {isa = PBXBuildFile; fileRef = 253F642122FD3C31007E35A8 /* BLRangeSlider.m */; };
		254940A2229B8C4C00ABED36 /* BLPingService.m in Sources */ = {isa = PBXBuildFile; fileRef = 254940A1229B8C4C00ABED36 /* BLPingService.m */; };
		8E2B9C39216FA947000A3AD3 /* TableViewController.m in Sources */ = {isa = PBXBuildFile; fileRef = 8E2B9C38216FA947000A3AD3 /* TableViewController.m */; };
		8E2B9C3F216FAF71000A3AD3 /* UITableView+Placeholder.m in Sources */ = {isa = PBXBuildFile; fileRef = 8E2B9C3D216FAF71000A3AD3 /* UITableView+Placeholder.m */; };
		8E2C0D3D1F6973160070F93C /* Person.m in Sources */ = {isa = PBXBuildFile; fileRef = 8E2C0D3C1F6973160070F93C /* Person.m */; };
		8E2C0D401F697A970070F93C /* NSObject+Sum.m in Sources */ = {isa = PBXBuildFile; fileRef = 8E2C0D3F1F697A970070F93C /* NSObject+Sum.m */; };
		8E2C0D431F697B080070F93C /* SumManager.m in Sources */ = {isa = PBXBuildFile; fileRef = 8E2C0D421F697B080070F93C /* SumManager.m */; };
		8E2C0D461F6982820070F93C /* NSObject+KVO.m in Sources */ = {isa = PBXBuildFile; fileRef = 8E2C0D451F6982820070F93C /* NSObject+KVO.m */; };
		8E2D2B9B2180BA3C00B7823F /* LabelLayer.m in Sources */ = {isa = PBXBuildFile; fileRef = 8E2D2B982180BA3B00B7823F /* LabelLayer.m */; };
		8E2D2B9C2180BA3C00B7823F /* BLCustomActionSheet.m in Sources */ = {isa = PBXBuildFile; fileRef = 8E2D2B992180BA3B00B7823F /* BLCustomActionSheet.m */; };
		8E38811A1F5711E600D2C636 /* EOCView.m in Sources */ = {isa = PBXBuildFile; fileRef = 8E3881191F5711E600D2C636 /* EOCView.m */; };
		8E40A6AA217B695B008E01EA /* TableViewCell.m in Sources */ = {isa = PBXBuildFile; fileRef = 8E40A6A9217B695B008E01EA /* TableViewCell.m */; };
		8E7CA0AA1FAD72F000FBCA2A /* UIView+BLExtention.m in Sources */ = {isa = PBXBuildFile; fileRef = 8E7CA0A91FAD72F000FBCA2A /* UIView+BLExtention.m */; };
		8E7CA0AD1FAD7ED200FBCA2A /* BLCustomeAlertView.m in Sources */ = {isa = PBXBuildFile; fileRef = 8E7CA0AC1FAD7ED200FBCA2A /* BLCustomeAlertView.m */; };
		8EC37A8D1F58473A006C0983 /* SvTestObject.m in Sources */ = {isa = PBXBuildFile; fileRef = 8EC37A8C1F58473A006C0983 /* SvTestObject.m */; };
		8EED2AE81FAE9349002AC35D /* NSString+BLCommonExtention.m in Sources */ = {isa = PBXBuildFile; fileRef = 8EED2AE71FAE9349002AC35D /* NSString+BLCommonExtention.m */; };
		8EF0406E1F505DAA00080748 /* main.m in Sources */ = {isa = PBXBuildFile; fileRef = 8EF0406D1F505DAA00080748 /* main.m */; };
		8EF040711F505DAA00080748 /* AppDelegate.m in Sources */ = {isa = PBXBuildFile; fileRef = 8EF040701F505DAA00080748 /* AppDelegate.m */; };
		8EF040741F505DAA00080748 /* ViewController.m in Sources */ = {isa = PBXBuildFile; fileRef = 8EF040731F505DAA00080748 /* ViewController.m */; };
		8EF040771F505DAA00080748 /* Main.storyboard in Resources */ = {isa = PBXBuildFile; fileRef = 8EF040751F505DAA00080748 /* Main.storyboard */; };
		8EF040791F505DAA00080748 /* Assets.xcassets in Resources */ = {isa = PBXBuildFile; fileRef = 8EF040781F505DAA00080748 /* Assets.xcassets */; };
		8EF0407C1F505DAA00080748 /* LaunchScreen.storyboard in Resources */ = {isa = PBXBuildFile; fileRef = 8EF0407A1F505DAA00080748 /* LaunchScreen.storyboard */; };
		8EF040871F505DAA00080748 /* CommonClassTests.m in Sources */ = {isa = PBXBuildFile; fileRef = 8EF040861F505DAA00080748 /* CommonClassTests.m */; };
		8EF040921F505DAA00080748 /* CommonClassUITests.m in Sources */ = {isa = PBXBuildFile; fileRef = 8EF040911F505DAA00080748 /* CommonClassUITests.m */; };
		8EF040A21F505E2900080748 /* UIImage+CommonExtension.m in Sources */ = {isa = PBXBuildFile; fileRef = 8EF040A11F505E2900080748 /* UIImage+CommonExtension.m */; };
		8EFB62121F72B69B00079133 /* CFRunLoopController.m in Sources */ = {isa = PBXBuildFile; fileRef = 8EFB62111F72B69B00079133 /* CFRunLoopController.m */; };
		ACB42917DC5A4F138DC83068 /* Pods_CommonClass.framework in Frameworks */ = {isa = PBXBuildFile; fileRef = 20812FA865D3A42A323ECE04 /* Pods_CommonClass.framework */; };
/* End PBXBuildFile section */

/* Begin PBXContainerItemProxy section */
		8EF040831F505DAA00080748 /* PBXContainerItemProxy */ = {
			isa = PBXContainerItemProxy;
			containerPortal = 8EF040611F505DAA00080748 /* Project object */;
			proxyType = 1;
			remoteGlobalIDString = 8EF040681F505DAA00080748;
			remoteInfo = CommonClass;
		};
		8EF0408E1F505DAA00080748 /* PBXContainerItemProxy */ = {
			isa = PBXContainerItemProxy;
			containerPortal = 8EF040611F505DAA00080748 /* Project object */;
			proxyType = 1;
			remoteGlobalIDString = 8EF040681F505DAA00080748;
			remoteInfo = CommonClass;
		};
/* End PBXContainerItemProxy section */

/* Begin PBXFileReference section */
		1C2D3B214B7E8C43ED161FA4 /* Pods-CommonClass.release.xcconfig */ = {isa = PBXFileReference; includeInIndex = 1; lastKnownFileType = text.xcconfig; name = "Pods-CommonClass.release.xcconfig"; path = "Pods/Target Support Files/Pods-CommonClass/Pods-CommonClass.release.xcconfig"; sourceTree = "<group>"; };
		20812FA865D3A42A323ECE04 /* Pods_CommonClass.framework */ = {isa = PBXFileReference; explicitFileType = wrapper.framework; includeInIndex = 0; path = Pods_CommonClass.framework; sourceTree = BUILT_PRODUCTS_DIR; };
		2522D86021BE360D00E76AEF /* BLActionSheetViewController.m */ = {isa = PBXFileReference; fileEncoding = 4; lastKnownFileType = sourcecode.c.objc; path = BLActionSheetViewController.m; sourceTree = "<group>"; };
		2522D86121BE360D00E76AEF /* BLActionSheetViewController.h */ = {isa = PBXFileReference; fileEncoding = 4; lastKnownFileType = sourcecode.c.h; path = BLActionSheetViewController.h; sourceTree = "<group>"; };
		2522D86321BE367800E76AEF /* ActionSheetViewController.h */ = {isa = PBXFileReference; lastKnownFileType = sourcecode.c.h; path = ActionSheetViewController.h; sourceTree = "<group>"; };
		2522D86421BE367800E76AEF /* ActionSheetViewController.m */ = {isa = PBXFileReference; lastKnownFileType = sourcecode.c.objc; path = ActionSheetViewController.m; sourceTree = "<group>"; };
		253F642122FD3C31007E35A8 /* BLRangeSlider.m */ = {isa = PBXFileReference; fileEncoding = 4; lastKnownFileType = sourcecode.c.objc; path = BLRangeSlider.m; sourceTree = "<group>"; };
		253F642222FD3C31007E35A8 /* BLRangeSlider.h */ = {isa = PBXFileReference; fileEncoding = 4; lastKnownFileType = sourcecode.c.h; path = BLRangeSlider.h; sourceTree = "<group>"; };
		254940A0229B8C4C00ABED36 /* BLPingService.h */ = {isa = PBXFileReference; lastKnownFileType = sourcecode.c.h; path = BLPingService.h; sourceTree = "<group>"; };
		254940A1229B8C4C00ABED36 /* BLPingService.m */ = {isa = PBXFileReference; lastKnownFileType = sourcecode.c.objc; path = BLPingService.m; sourceTree = "<group>"; };
		3F8789454CC29E6F74207F37 /* Pods-CommonClass.debug.xcconfig */ = {isa = PBXFileReference; includeInIndex = 1; lastKnownFileType = text.xcconfig; name = "Pods-CommonClass.debug.xcconfig"; path = "Pods/Target Support Files/Pods-CommonClass/Pods-CommonClass.debug.xcconfig"; sourceTree = "<group>"; };
		8E2B9C37216FA947000A3AD3 /* TableViewController.h */ = {isa = PBXFileReference; lastKnownFileType = sourcecode.c.h; path = TableViewController.h; sourceTree = "<group>"; };
		8E2B9C38216FA947000A3AD3 /* TableViewController.m */ = {isa = PBXFileReference; lastKnownFileType = sourcecode.c.objc; path = TableViewController.m; sourceTree = "<group>"; };
		8E2B9C3D216FAF71000A3AD3 /* UITableView+Placeholder.m */ = {isa = PBXFileReference; fileEncoding = 4; lastKnownFileType = sourcecode.c.objc; path = "UITableView+Placeholder.m"; sourceTree = "<group>"; };
		8E2B9C3E216FAF71000A3AD3 /* UITableView+Placeholder.h */ = {isa = PBXFileReference; fileEncoding = 4; lastKnownFileType = sourcecode.c.h; path = "UITableView+Placeholder.h"; sourceTree = "<group>"; };
		8E2C0D3B1F6973160070F93C /* Person.h */ = {isa = PBXFileReference; fileEncoding = 4; lastKnownFileType = sourcecode.c.h; path = Person.h; sourceTree = "<group>"; };
		8E2C0D3C1F6973160070F93C /* Person.m */ = {isa = PBXFileReference; fileEncoding = 4; lastKnownFileType = sourcecode.c.objc; path = Person.m; sourceTree = "<group>"; };
		8E2C0D3E1F697A970070F93C /* NSObject+Sum.h */ = {isa = PBXFileReference; fileEncoding = 4; lastKnownFileType = sourcecode.c.h; path = "NSObject+Sum.h"; sourceTree = "<group>"; };
		8E2C0D3F1F697A970070F93C /* NSObject+Sum.m */ = {isa = PBXFileReference; fileEncoding = 4; lastKnownFileType = sourcecode.c.objc; path = "NSObject+Sum.m"; sourceTree = "<group>"; };
		8E2C0D411F697B080070F93C /* SumManager.h */ = {isa = PBXFileReference; fileEncoding = 4; lastKnownFileType = sourcecode.c.h; path = SumManager.h; sourceTree = "<group>"; };
		8E2C0D421F697B080070F93C /* SumManager.m */ = {isa = PBXFileReference; fileEncoding = 4; lastKnownFileType = sourcecode.c.objc; path = SumManager.m; sourceTree = "<group>"; };
		8E2C0D441F6982820070F93C /* NSObject+KVO.h */ = {isa = PBXFileReference; fileEncoding = 4; lastKnownFileType = sourcecode.c.h; path = "NSObject+KVO.h"; sourceTree = "<group>"; };
		8E2C0D451F6982820070F93C /* NSObject+KVO.m */ = {isa = PBXFileReference; fileEncoding = 4; lastKnownFileType = sourcecode.c.objc; path = "NSObject+KVO.m"; sourceTree = "<group>"; };
		8E2D2B972180BA3B00B7823F /* LabelLayer.h */ = {isa = PBXFileReference; fileEncoding = 4; lastKnownFileType = sourcecode.c.h; path = LabelLayer.h; sourceTree = "<group>"; };
		8E2D2B982180BA3B00B7823F /* LabelLayer.m */ = {isa = PBXFileReference; fileEncoding = 4; lastKnownFileType = sourcecode.c.objc; path = LabelLayer.m; sourceTree = "<group>"; };
		8E2D2B992180BA3B00B7823F /* BLCustomActionSheet.m */ = {isa = PBXFileReference; fileEncoding = 4; lastKnownFileType = sourcecode.c.objc; path = BLCustomActionSheet.m; sourceTree = "<group>"; };
		8E2D2B9A2180BA3B00B7823F /* BLCustomActionSheet.h */ = {isa = PBXFileReference; fileEncoding = 4; lastKnownFileType = sourcecode.c.h; path = BLCustomActionSheet.h; sourceTree = "<group>"; };
		8E3881181F5711E600D2C636 /* EOCView.h */ = {isa = PBXFileReference; fileEncoding = 4; lastKnownFileType = sourcecode.c.h; path = EOCView.h; sourceTree = "<group>"; };
		8E3881191F5711E600D2C636 /* EOCView.m */ = {isa = PBXFileReference; fileEncoding = 4; lastKnownFileType = sourcecode.c.objc; path = EOCView.m; sourceTree = "<group>"; };
		8E40A6A8217B695B008E01EA /* TableViewCell.h */ = {isa = PBXFileReference; lastKnownFileType = sourcecode.c.h; path = TableViewCell.h; sourceTree = "<group>"; };
		8E40A6A9217B695B008E01EA /* TableViewCell.m */ = {isa = PBXFileReference; lastKnownFileType = sourcecode.c.objc; path = TableViewCell.m; sourceTree = "<group>"; };
		8E7CA0A81FAD72F000FBCA2A /* UIView+BLExtention.h */ = {isa = PBXFileReference; fileEncoding = 4; lastKnownFileType = sourcecode.c.h; path = "UIView+BLExtention.h"; sourceTree = "<group>"; };
		8E7CA0A91FAD72F000FBCA2A /* UIView+BLExtention.m */ = {isa = PBXFileReference; fileEncoding = 4; lastKnownFileType = sourcecode.c.objc; path = "UIView+BLExtention.m"; sourceTree = "<group>"; };
		8E7CA0AB1FAD7ED200FBCA2A /* BLCustomeAlertView.h */ = {isa = PBXFileReference; fileEncoding = 4; lastKnownFileType = sourcecode.c.h; path = BLCustomeAlertView.h; sourceTree = "<group>"; };
		8E7CA0AC1FAD7ED200FBCA2A /* BLCustomeAlertView.m */ = {isa = PBXFileReference; fileEncoding = 4; lastKnownFileType = sourcecode.c.objc; path = BLCustomeAlertView.m; sourceTree = "<group>"; };
		8EC37A8B1F58473A006C0983 /* SvTestObject.h */ = {isa = PBXFileReference; fileEncoding = 4; lastKnownFileType = sourcecode.c.h; path = SvTestObject.h; sourceTree = "<group>"; };
		8EC37A8C1F58473A006C0983 /* SvTestObject.m */ = {isa = PBXFileReference; fileEncoding = 4; lastKnownFileType = sourcecode.c.objc; path = SvTestObject.m; sourceTree = "<group>"; };
		8EED2AE61FAE9349002AC35D /* NSString+BLCommonExtention.h */ = {isa = PBXFileReference; fileEncoding = 4; lastKnownFileType = sourcecode.c.h; path = "NSString+BLCommonExtention.h"; sourceTree = "<group>"; };
		8EED2AE71FAE9349002AC35D /* NSString+BLCommonExtention.m */ = {isa = PBXFileReference; fileEncoding = 4; lastKnownFileType = sourcecode.c.objc; path = "NSString+BLCommonExtention.m"; sourceTree = "<group>"; };
		8EF040691F505DAA00080748 /* CommonClass.app */ = {isa = PBXFileReference; explicitFileType = wrapper.application; includeInIndex = 0; path = CommonClass.app; sourceTree = BUILT_PRODUCTS_DIR; };
		8EF0406D1F505DAA00080748 /* main.m */ = {isa = PBXFileReference; lastKnownFileType = sourcecode.c.objc; path = main.m; sourceTree = "<group>"; };
		8EF0406F1F505DAA00080748 /* AppDelegate.h */ = {isa = PBXFileReference; lastKnownFileType = sourcecode.c.h; path = AppDelegate.h; sourceTree = "<group>"; };
		8EF040701F505DAA00080748 /* AppDelegate.m */ = {isa = PBXFileReference; lastKnownFileType = sourcecode.c.objc; path = AppDelegate.m; sourceTree = "<group>"; };
		8EF040721F505DAA00080748 /* ViewController.h */ = {isa = PBXFileReference; lastKnownFileType = sourcecode.c.h; path = ViewController.h; sourceTree = "<group>"; };
		8EF040731F505DAA00080748 /* ViewController.m */ = {isa = PBXFileReference; lastKnownFileType = sourcecode.c.objc; path = ViewController.m; sourceTree = "<group>"; };
		8EF040761F505DAA00080748 /* Base */ = {isa = PBXFileReference; lastKnownFileType = file.storyboard; name = Base; path = Base.lproj/Main.storyboard; sourceTree = "<group>"; };
		8EF040781F505DAA00080748 /* Assets.xcassets */ = {isa = PBXFileReference; lastKnownFileType = folder.assetcatalog; path = Assets.xcassets; sourceTree = "<group>"; };
		8EF0407B1F505DAA00080748 /* Base */ = {isa = PBXFileReference; lastKnownFileType = file.storyboard; name = Base; path = Base.lproj/LaunchScreen.storyboard; sourceTree = "<group>"; };
		8EF0407D1F505DAA00080748 /* Info.plist */ = {isa = PBXFileReference; lastKnownFileType = text.plist.xml; path = Info.plist; sourceTree = "<group>"; };
		8EF040821F505DAA00080748 /* CommonClassTests.xctest */ = {isa = PBXFileReference; explicitFileType = wrapper.cfbundle; includeInIndex = 0; path = CommonClassTests.xctest; sourceTree = BUILT_PRODUCTS_DIR; };
		8EF040861F505DAA00080748 /* CommonClassTests.m */ = {isa = PBXFileReference; lastKnownFileType = sourcecode.c.objc; path = CommonClassTests.m; sourceTree = "<group>"; };
		8EF040881F505DAA00080748 /* Info.plist */ = {isa = PBXFileReference; lastKnownFileType = text.plist.xml; path = Info.plist; sourceTree = "<group>"; };
		8EF0408D1F505DAA00080748 /* CommonClassUITests.xctest */ = {isa = PBXFileReference; explicitFileType = wrapper.cfbundle; includeInIndex = 0; path = CommonClassUITests.xctest; sourceTree = BUILT_PRODUCTS_DIR; };
		8EF040911F505DAA00080748 /* CommonClassUITests.m */ = {isa = PBXFileReference; lastKnownFileType = sourcecode.c.objc; path = CommonClassUITests.m; sourceTree = "<group>"; };
		8EF040931F505DAA00080748 /* Info.plist */ = {isa = PBXFileReference; lastKnownFileType = text.plist.xml; path = Info.plist; sourceTree = "<group>"; };
		8EF040A01F505E2900080748 /* UIImage+CommonExtension.h */ = {isa = PBXFileReference; fileEncoding = 4; lastKnownFileType = sourcecode.c.h; path = "UIImage+CommonExtension.h"; sourceTree = "<group>"; };
		8EF040A11F505E2900080748 /* UIImage+CommonExtension.m */ = {isa = PBXFileReference; fileEncoding = 4; lastKnownFileType = sourcecode.c.objc; path = "UIImage+CommonExtension.m"; sourceTree = "<group>"; };
		8EFB62101F72B69B00079133 /* CFRunLoopController.h */ = {isa = PBXFileReference; fileEncoding = 4; lastKnownFileType = sourcecode.c.h; path = CFRunLoopController.h; sourceTree = "<group>"; };
		8EFB62111F72B69B00079133 /* CFRunLoopController.m */ = {isa = PBXFileReference; fileEncoding = 4; lastKnownFileType = sourcecode.c.objc; path = CFRunLoopController.m; sourceTree = "<group>"; };
/* End PBXFileReference section */

/* Begin PBXFrameworksBuildPhase section */
		8EF040661F505DAA00080748 /* Frameworks */ = {
			isa = PBXFrameworksBuildPhase;
			buildActionMask = 2147483647;
			files = (
				ACB42917DC5A4F138DC83068 /* Pods_CommonClass.framework in Frameworks */,
			);
			runOnlyForDeploymentPostprocessing = 0;
		};
		8EF0407F1F505DAA00080748 /* Frameworks */ = {
			isa = PBXFrameworksBuildPhase;
			buildActionMask = 2147483647;
			files = (
			);
			runOnlyForDeploymentPostprocessing = 0;
		};
		8EF0408A1F505DAA00080748 /* Frameworks */ = {
			isa = PBXFrameworksBuildPhase;
			buildActionMask = 2147483647;
			files = (
			);
			runOnlyForDeploymentPostprocessing = 0;
		};
/* End PBXFrameworksBuildPhase section */

/* Begin PBXGroup section */
		05EC6D6C40B0AAB9AEE9A0C3 /* Pods */ = {
			isa = PBXGroup;
			children = (
				3F8789454CC29E6F74207F37 /* Pods-CommonClass.debug.xcconfig */,
				1C2D3B214B7E8C43ED161FA4 /* Pods-CommonClass.release.xcconfig */,
			);
			name = Pods;
			sourceTree = "<group>";
		};
		5C171E4B82AF57D9BB264B71 /* Frameworks */ = {
			isa = PBXGroup;
			children = (
				20812FA865D3A42A323ECE04 /* Pods_CommonClass.framework */,
			);
			name = Frameworks;
			sourceTree = "<group>";
		};
		8EF040601F505DAA00080748 = {
			isa = PBXGroup;
			children = (
				8EF0406B1F505DAA00080748 /* CommonClass */,
				8EF040851F505DAA00080748 /* CommonClassTests */,
				8EF040901F505DAA00080748 /* CommonClassUITests */,
				8EF0406A1F505DAA00080748 /* Products */,
				05EC6D6C40B0AAB9AEE9A0C3 /* Pods */,
				5C171E4B82AF57D9BB264B71 /* Frameworks */,
			);
			sourceTree = "<group>";
		};
		8EF0406A1F505DAA00080748 /* Products */ = {
			isa = PBXGroup;
			children = (
				8EF040691F505DAA00080748 /* CommonClass.app */,
				8EF040821F505DAA00080748 /* CommonClassTests.xctest */,
				8EF0408D1F505DAA00080748 /* CommonClassUITests.xctest */,
			);
			name = Products;
			sourceTree = "<group>";
		};
		8EF0406B1F505DAA00080748 /* CommonClass */ = {
			isa = PBXGroup;
			children = (
				253F642222FD3C31007E35A8 /* BLRangeSlider.h */,
				253F642122FD3C31007E35A8 /* BLRangeSlider.m */,
				2522D86121BE360D00E76AEF /* BLActionSheetViewController.h */,
				2522D86021BE360D00E76AEF /* BLActionSheetViewController.m */,
				8E2D2B9A2180BA3B00B7823F /* BLCustomActionSheet.h */,
				8E2D2B992180BA3B00B7823F /* BLCustomActionSheet.m */,
				8E2D2B972180BA3B00B7823F /* LabelLayer.h */,
				8E2D2B982180BA3B00B7823F /* LabelLayer.m */,
				8E2B9C3E216FAF71000A3AD3 /* UITableView+Placeholder.h */,
				8E2B9C3D216FAF71000A3AD3 /* UITableView+Placeholder.m */,
				8EF0409F1F505DF200080748 /* Extension */,
				8EF0406F1F505DAA00080748 /* AppDelegate.h */,
				8EF040701F505DAA00080748 /* AppDelegate.m */,
				8EF040721F505DAA00080748 /* ViewController.h */,
				8EF040731F505DAA00080748 /* ViewController.m */,
				8E2C0D3B1F6973160070F93C /* Person.h */,
				8E2C0D3C1F6973160070F93C /* Person.m */,
				8EF040751F505DAA00080748 /* Main.storyboard */,
				8EF040781F505DAA00080748 /* Assets.xcassets */,
				8EF0407A1F505DAA00080748 /* LaunchScreen.storyboard */,
				8EF0407D1F505DAA00080748 /* Info.plist */,
				8EF0406C1F505DAA00080748 /* Supporting Files */,
				8E3881181F5711E600D2C636 /* EOCView.h */,
				8E3881191F5711E600D2C636 /* EOCView.m */,
				8EC37A8B1F58473A006C0983 /* SvTestObject.h */,
				8EC37A8C1F58473A006C0983 /* SvTestObject.m */,
				8EFB62101F72B69B00079133 /* CFRunLoopController.h */,
				8EFB62111F72B69B00079133 /* CFRunLoopController.m */,
				8E7CA0AB1FAD7ED200FBCA2A /* BLCustomeAlertView.h */,
				8E7CA0AC1FAD7ED200FBCA2A /* BLCustomeAlertView.m */,
				8E2B9C37216FA947000A3AD3 /* TableViewController.h */,
				8E2B9C38216FA947000A3AD3 /* TableViewController.m */,
				8E40A6A8217B695B008E01EA /* TableViewCell.h */,
				8E40A6A9217B695B008E01EA /* TableViewCell.m */,
				2522D86321BE367800E76AEF /* ActionSheetViewController.h */,
				2522D86421BE367800E76AEF /* ActionSheetViewController.m */,
				254940A0229B8C4C00ABED36 /* BLPingService.h */,
				254940A1229B8C4C00ABED36 /* BLPingService.m */,
			);
			path = CommonClass;
			sourceTree = "<group>";
		};
		8EF0406C1F505DAA00080748 /* Supporting Files */ = {
			isa = PBXGroup;
			children = (
				8EF0406D1F505DAA00080748 /* main.m */,
			);
			name = "Supporting Files";
			sourceTree = "<group>";
		};
		8EF040851F505DAA00080748 /* CommonClassTests */ = {
			isa = PBXGroup;
			children = (
				8EF040861F505DAA00080748 /* CommonClassTests.m */,
				8EF040881F505DAA00080748 /* Info.plist */,
			);
			path = CommonClassTests;
			sourceTree = "<group>";
		};
		8EF040901F505DAA00080748 /* CommonClassUITests */ = {
			isa = PBXGroup;
			children = (
				8EF040911F505DAA00080748 /* CommonClassUITests.m */,
				8EF040931F505DAA00080748 /* Info.plist */,
			);
			path = CommonClassUITests;
			sourceTree = "<group>";
		};
		8EF0409F1F505DF200080748 /* Extension */ = {
			isa = PBXGroup;
			children = (
				8EF040A01F505E2900080748 /* UIImage+CommonExtension.h */,
				8EF040A11F505E2900080748 /* UIImage+CommonExtension.m */,
				8E2C0D3E1F697A970070F93C /* NSObject+Sum.h */,
				8E2C0D3F1F697A970070F93C /* NSObject+Sum.m */,
				8E2C0D411F697B080070F93C /* SumManager.h */,
				8E2C0D421F697B080070F93C /* SumManager.m */,
				8E2C0D441F6982820070F93C /* NSObject+KVO.h */,
				8E2C0D451F6982820070F93C /* NSObject+KVO.m */,
				8E7CA0A81FAD72F000FBCA2A /* UIView+BLExtention.h */,
				8E7CA0A91FAD72F000FBCA2A /* UIView+BLExtention.m */,
				8EED2AE61FAE9349002AC35D /* NSString+BLCommonExtention.h */,
				8EED2AE71FAE9349002AC35D /* NSString+BLCommonExtention.m */,
			);
			name = Extension;
			sourceTree = "<group>";
		};
/* End PBXGroup section */

/* Begin PBXNativeTarget section */
		8EF040681F505DAA00080748 /* CommonClass */ = {
			isa = PBXNativeTarget;
			buildConfigurationList = 8EF040961F505DAA00080748 /* Build configuration list for PBXNativeTarget "CommonClass" */;
			buildPhases = (
				B2B3FE6B88F35E3138681B4E /* [CP] Check Pods Manifest.lock */,
				8EF040651F505DAA00080748 /* Sources */,
				8EF040661F505DAA00080748 /* Frameworks */,
				8EF040671F505DAA00080748 /* Resources */,
				F06D2892DCEEDA8119C9F24B /* [CP] Embed Pods Frameworks */,
			);
			buildRules = (
			);
			dependencies = (
			);
			name = CommonClass;
			productName = CommonClass;
			productReference = 8EF040691F505DAA00080748 /* CommonClass.app */;
			productType = "com.apple.product-type.application";
		};
		8EF040811F505DAA00080748 /* CommonClassTests */ = {
			isa = PBXNativeTarget;
			buildConfigurationList = 8EF040991F505DAA00080748 /* Build configuration list for PBXNativeTarget "CommonClassTests" */;
			buildPhases = (
				8EF0407E1F505DAA00080748 /* Sources */,
				8EF0407F1F505DAA00080748 /* Frameworks */,
				8EF040801F505DAA00080748 /* Resources */,
			);
			buildRules = (
			);
			dependencies = (
				8EF040841F505DAA00080748 /* PBXTargetDependency */,
			);
			name = CommonClassTests;
			productName = CommonClassTests;
			productReference = 8EF040821F505DAA00080748 /* CommonClassTests.xctest */;
			productType = "com.apple.product-type.bundle.unit-test";
		};
		8EF0408C1F505DAA00080748 /* CommonClassUITests */ = {
			isa = PBXNativeTarget;
			buildConfigurationList = 8EF0409C1F505DAA00080748 /* Build configuration list for PBXNativeTarget "CommonClassUITests" */;
			buildPhases = (
				8EF040891F505DAA00080748 /* Sources */,
				8EF0408A1F505DAA00080748 /* Frameworks */,
				8EF0408B1F505DAA00080748 /* Resources */,
			);
			buildRules = (
			);
			dependencies = (
				8EF0408F1F505DAA00080748 /* PBXTargetDependency */,
			);
			name = CommonClassUITests;
			productName = CommonClassUITests;
			productReference = 8EF0408D1F505DAA00080748 /* CommonClassUITests.xctest */;
			productType = "com.apple.product-type.bundle.ui-testing";
		};
/* End PBXNativeTarget section */

/* Begin PBXProject section */
		8EF040611F505DAA00080748 /* Project object */ = {
			isa = PBXProject;
			attributes = {
				LastUpgradeCheck = 0830;
				ORGANIZATIONNAME = blazer;
				TargetAttributes = {
					8EF040681F505DAA00080748 = {
						CreatedOnToolsVersion = 8.3.3;
						DevelopmentTeam = L25YRTH5F6;
						ProvisioningStyle = Automatic;
					};
					8EF040811F505DAA00080748 = {
						CreatedOnToolsVersion = 8.3.3;
						ProvisioningStyle = Automatic;
						TestTargetID = 8EF040681F505DAA00080748;
					};
					8EF0408C1F505DAA00080748 = {
						CreatedOnToolsVersion = 8.3.3;
						ProvisioningStyle = Automatic;
						TestTargetID = 8EF040681F505DAA00080748;
					};
				};
			};
			buildConfigurationList = 8EF040641F505DAA00080748 /* Build configuration list for PBXProject "CommonClass" */;
			compatibilityVersion = "Xcode 3.2";
			developmentRegion = English;
			hasScannedForEncodings = 0;
			knownRegions = (
				English,
				en,
				Base,
			);
			mainGroup = 8EF040601F505DAA00080748;
			productRefGroup = 8EF0406A1F505DAA00080748 /* Products */;
			projectDirPath = "";
			projectRoot = "";
			targets = (
				8EF040681F505DAA00080748 /* CommonClass */,
				8EF040811F505DAA00080748 /* CommonClassTests */,
				8EF0408C1F505DAA00080748 /* CommonClassUITests */,
			);
		};
/* End PBXProject section */

/* Begin PBXResourcesBuildPhase section */
		8EF040671F505DAA00080748 /* Resources */ = {
			isa = PBXResourcesBuildPhase;
			buildActionMask = 2147483647;
			files = (
				8EF0407C1F505DAA00080748 /* LaunchScreen.storyboard in Resources */,
				8EF040791F505DAA00080748 /* Assets.xcassets in Resources */,
				8EF040771F505DAA00080748 /* Main.storyboard in Resources */,
			);
			runOnlyForDeploymentPostprocessing = 0;
		};
		8EF040801F505DAA00080748 /* Resources */ = {
			isa = PBXResourcesBuildPhase;
			buildActionMask = 2147483647;
			files = (
			);
			runOnlyForDeploymentPostprocessing = 0;
		};
		8EF0408B1F505DAA00080748 /* Resources */ = {
			isa = PBXResourcesBuildPhase;
			buildActionMask = 2147483647;
			files = (
			);
			runOnlyForDeploymentPostprocessing = 0;
		};
/* End PBXResourcesBuildPhase section */

/* Begin PBXShellScriptBuildPhase section */
		B2B3FE6B88F35E3138681B4E /* [CP] Check Pods Manifest.lock */ = {
			isa = PBXShellScriptBuildPhase;
			buildActionMask = 2147483647;
			files = (
			);
			inputFileListPaths = (
			);
			inputPaths = (
				"${PODS_PODFILE_DIR_PATH}/Podfile.lock",
				"${PODS_ROOT}/Manifest.lock",
			);
			name = "[CP] Check Pods Manifest.lock";
			outputFileListPaths = (
			);
			outputPaths = (
				"$(DERIVED_FILE_DIR)/Pods-CommonClass-checkManifestLockResult.txt",
			);
			runOnlyForDeploymentPostprocessing = 0;
			shellPath = /bin/sh;
			shellScript = "diff \"${PODS_PODFILE_DIR_PATH}/Podfile.lock\" \"${PODS_ROOT}/Manifest.lock\" > /dev/null\nif [ $? != 0 ] ; then\n    # print error to STDERR\n    echo \"error: The sandbox is not in sync with the Podfile.lock. Run 'pod install' or update your CocoaPods installation.\" >&2\n    exit 1\nfi\n# This output is used by Xcode 'outputs' to avoid re-running this script phase.\necho \"SUCCESS\" > \"${SCRIPT_OUTPUT_FILE_0}\"\n";
			showEnvVarsInLog = 0;
		};
		F06D2892DCEEDA8119C9F24B /* [CP] Embed Pods Frameworks */ = {
			isa = PBXShellScriptBuildPhase;
			buildActionMask = 2147483647;
			files = (
			);
			inputFileListPaths = (
			);
			inputPaths = (
				"${SRCROOT}/Pods/Target Support Files/Pods-CommonClass/Pods-CommonClass-frameworks.sh",
				"${BUILT_PRODUCTS_DIR}/Masonry/Masonry.framework",
			);
			name = "[CP] Embed Pods Frameworks";
			outputFileListPaths = (
			);
			outputPaths = (
				"${TARGET_BUILD_DIR}/${FRAMEWORKS_FOLDER_PATH}/Masonry.framework",
			);
			runOnlyForDeploymentPostprocessing = 0;
			shellPath = /bin/sh;
			shellScript = "\"${SRCROOT}/Pods/Target Support Files/Pods-CommonClass/Pods-CommonClass-frameworks.sh\"\n";
			showEnvVarsInLog = 0;
		};
/* End PBXShellScriptBuildPhase section */

/* Begin PBXSourcesBuildPhase section */
		8EF040651F505DAA00080748 /* Sources */ = {
			isa = PBXSourcesBuildPhase;
			buildActionMask = 2147483647;
			files = (
				2522D86221BE360D00E76AEF /* BLActionSheetViewController.m in Sources */,
				8E38811A1F5711E600D2C636 /* EOCView.m in Sources */,
				2522D86521BE367800E76AEF /* ActionSheetViewController.m in Sources */,
				8E2C0D401F697A970070F93C /* NSObject+Sum.m in Sources */,
				8E2C0D461F6982820070F93C /* NSObject+KVO.m in Sources */,
				8E2B9C3F216FAF71000A3AD3 /* UITableView+Placeholder.m in Sources */,
				8E7CA0AA1FAD72F000FBCA2A /* UIView+BLExtention.m in Sources */,
				8EC37A8D1F58473A006C0983 /* SvTestObject.m in Sources */,
				8EED2AE81FAE9349002AC35D /* NSString+BLCommonExtention.m in Sources */,
				8E2C0D3D1F6973160070F93C /* Person.m in Sources */,
				8E7CA0AD1FAD7ED200FBCA2A /* BLCustomeAlertView.m in Sources */,
				8E40A6AA217B695B008E01EA /* TableViewCell.m in Sources */,
				8EF040741F505DAA00080748 /* ViewController.m in Sources */,
				8EF040711F505DAA00080748 /* AppDelegate.m in Sources */,
				8EF0406E1F505DAA00080748 /* main.m in Sources */,
				8E2D2B9C2180BA3C00B7823F /* BLCustomActionSheet.m in Sources */,
				8E2C0D431F697B080070F93C /* SumManager.m in Sources */,
				253F642322FD3C31007E35A8 /* BLRangeSlider.m in Sources */,
				8E2D2B9B2180BA3C00B7823F /* LabelLayer.m in Sources */,
				8EFB62121F72B69B00079133 /* CFRunLoopController.m in Sources */,
				254940A2229B8C4C00ABED36 /* BLPingService.m in Sources */,
				8E2B9C39216FA947000A3AD3 /* TableViewController.m in Sources */,
				8EF040A21F505E2900080748 /* UIImage+CommonExtension.m in Sources */,
			);
			runOnlyForDeploymentPostprocessing = 0;
		};
		8EF0407E1F505DAA00080748 /* Sources */ = {
			isa = PBXSourcesBuildPhase;
			buildActionMask = 2147483647;
			files = (
				8EF040871F505DAA00080748 /* CommonClassTests.m in Sources */,
			);
			runOnlyForDeploymentPostprocessing = 0;
		};
		8EF040891F505DAA00080748 /* Sources */ = {
			isa = PBXSourcesBuildPhase;
			buildActionMask = 2147483647;
			files = (
				8EF040921F505DAA00080748 /* CommonClassUITests.m in Sources */,
			);
			runOnlyForDeploymentPostprocessing = 0;
		};
/* End PBXSourcesBuildPhase section */

/* Begin PBXTargetDependency section */
		8EF040841F505DAA00080748 /* PBXTargetDependency */ = {
			isa = PBXTargetDependency;
			target = 8EF040681F505DAA00080748 /* CommonClass */;
			targetProxy = 8EF040831F505DAA00080748 /* PBXContainerItemProxy */;
		};
		8EF0408F1F505DAA00080748 /* PBXTargetDependency */ = {
			isa = PBXTargetDependency;
			target = 8EF040681F505DAA00080748 /* CommonClass */;
			targetProxy = 8EF0408E1F505DAA00080748 /* PBXContainerItemProxy */;
		};
/* End PBXTargetDependency section */

/* Begin PBXVariantGroup section */
		8EF040751F505DAA00080748 /* Main.storyboard */ = {
			isa = PBXVariantGroup;
			children = (
				8EF040761F505DAA00080748 /* Base */,
			);
			name = Main.storyboard;
			sourceTree = "<group>";
		};
		8EF0407A1F505DAA00080748 /* LaunchScreen.storyboard */ = {
			isa = PBXVariantGroup;
			children = (
				8EF0407B1F505DAA00080748 /* Base */,
			);
			name = LaunchScreen.storyboard;
			sourceTree = "<group>";
		};
/* End PBXVariantGroup section */

/* Begin XCBuildConfiguration section */
		8EF040941F505DAA00080748 /* Debug */ = {
			isa = XCBuildConfiguration;
			buildSettings = {
				ALWAYS_SEARCH_USER_PATHS = NO;
				CLANG_ANALYZER_NONNULL = YES;
				CLANG_ANALYZER_NUMBER_OBJECT_CONVERSION = YES_AGGRESSIVE;
				CLANG_CXX_LANGUAGE_STANDARD = "gnu++0x";
				CLANG_CXX_LIBRARY = "libc++";
				CLANG_ENABLE_MODULES = YES;
				CLANG_ENABLE_OBJC_ARC = YES;
				CLANG_WARN_BOOL_CONVERSION = YES;
				CLANG_WARN_CONSTANT_CONVERSION = YES;
				CLANG_WARN_DIRECT_OBJC_ISA_USAGE = YES_ERROR;
				CLANG_WARN_DOCUMENTATION_COMMENTS = YES;
				CLANG_WARN_EMPTY_BODY = YES;
				CLANG_WARN_ENUM_CONVERSION = YES;
				CLANG_WARN_INFINITE_RECURSION = YES;
				CLANG_WARN_INT_CONVERSION = YES;
				CLANG_WARN_OBJC_ROOT_CLASS = YES_ERROR;
				CLANG_WARN_SUSPICIOUS_MOVE = YES;
				CLANG_WARN_UNREACHABLE_CODE = YES;
				CLANG_WARN__DUPLICATE_METHOD_MATCH = YES;
				"CODE_SIGN_IDENTITY[sdk=iphoneos*]" = "iPhone Developer";
				COPY_PHASE_STRIP = NO;
				DEBUG_INFORMATION_FORMAT = dwarf;
				ENABLE_STRICT_OBJC_MSGSEND = YES;
				ENABLE_TESTABILITY = YES;
				GCC_C_LANGUAGE_STANDARD = gnu99;
				GCC_DYNAMIC_NO_PIC = NO;
				GCC_NO_COMMON_BLOCKS = YES;
				GCC_OPTIMIZATION_LEVEL = 0;
				GCC_PREPROCESSOR_DEFINITIONS = (
					"DEBUG=1",
					"$(inherited)",
				);
				GCC_WARN_64_TO_32_BIT_CONVERSION = YES;
				GCC_WARN_ABOUT_RETURN_TYPE = YES_ERROR;
				GCC_WARN_UNDECLARED_SELECTOR = YES;
				GCC_WARN_UNINITIALIZED_AUTOS = YES_AGGRESSIVE;
				GCC_WARN_UNUSED_FUNCTION = YES;
				GCC_WARN_UNUSED_VARIABLE = YES;
				IPHONEOS_DEPLOYMENT_TARGET = 10.3;
				MTL_ENABLE_DEBUG_INFO = YES;
				ONLY_ACTIVE_ARCH = YES;
				SDKROOT = iphoneos;
				TARGETED_DEVICE_FAMILY = "1,2";
			};
			name = Debug;
		};
		8EF040951F505DAA00080748 /* Release */ = {
			isa = XCBuildConfiguration;
			buildSettings = {
				ALWAYS_SEARCH_USER_PATHS = NO;
				CLANG_ANALYZER_NONNULL = YES;
				CLANG_ANALYZER_NUMBER_OBJECT_CONVERSION = YES_AGGRESSIVE;
				CLANG_CXX_LANGUAGE_STANDARD = "gnu++0x";
				CLANG_CXX_LIBRARY = "libc++";
				CLANG_ENABLE_MODULES = YES;
				CLANG_ENABLE_OBJC_ARC = YES;
				CLANG_WARN_BOOL_CONVERSION = YES;
				CLANG_WARN_CONSTANT_CONVERSION = YES;
				CLANG_WARN_DIRECT_OBJC_ISA_USAGE = YES_ERROR;
				CLANG_WARN_DOCUMENTATION_COMMENTS = YES;
				CLANG_WARN_EMPTY_BODY = YES;
				CLANG_WARN_ENUM_CONVERSION = YES;
				CLANG_WARN_INFINITE_RECURSION = YES;
				CLANG_WARN_INT_CONVERSION = YES;
				CLANG_WARN_OBJC_ROOT_CLASS = YES_ERROR;
				CLANG_WARN_SUSPICIOUS_MOVE = YES;
				CLANG_WARN_UNREACHABLE_CODE = YES;
				CLANG_WARN__DUPLICATE_METHOD_MATCH = YES;
				"CODE_SIGN_IDENTITY[sdk=iphoneos*]" = "iPhone Developer";
				COPY_PHASE_STRIP = NO;
				DEBUG_INFORMATION_FORMAT = "dwarf-with-dsym";
				ENABLE_NS_ASSERTIONS = NO;
				ENABLE_STRICT_OBJC_MSGSEND = YES;
				GCC_C_LANGUAGE_STANDARD = gnu99;
				GCC_NO_COMMON_BLOCKS = YES;
				GCC_WARN_64_TO_32_BIT_CONVERSION = YES;
				GCC_WARN_ABOUT_RETURN_TYPE = YES_ERROR;
				GCC_WARN_UNDECLARED_SELECTOR = YES;
				GCC_WARN_UNINITIALIZED_AUTOS = YES_AGGRESSIVE;
				GCC_WARN_UNUSED_FUNCTION = YES;
				GCC_WARN_UNUSED_VARIABLE = YES;
				IPHONEOS_DEPLOYMENT_TARGET = 10.3;
				MTL_ENABLE_DEBUG_INFO = NO;
				SDKROOT = iphoneos;
				TARGETED_DEVICE_FAMILY = "1,2";
				VALIDATE_PRODUCT = YES;
			};
			name = Release;
		};
		8EF040971F505DAA00080748 /* Debug */ = {
			isa = XCBuildConfiguration;
			baseConfigurationReference = 3F8789454CC29E6F74207F37 /* Pods-CommonClass.debug.xcconfig */;
			buildSettings = {
				ASSETCATALOG_COMPILER_APPICON_NAME = AppIcon;
				DEVELOPMENT_TEAM = L25YRTH5F6;
				ENABLE_STRICT_OBJC_MSGSEND = NO;
				INFOPLIST_FILE = CommonClass/Info.plist;
				LD_RUNPATH_SEARCH_PATHS = "$(inherited) @executable_path/Frameworks";
				PRODUCT_BUNDLE_IDENTIFIER = mycompany.CommonClass;
				PRODUCT_NAME = "$(TARGET_NAME)";
			};
			name = Debug;
		};
		8EF040981F505DAA00080748 /* Release */ = {
			isa = XCBuildConfiguration;
			baseConfigurationReference = 1C2D3B214B7E8C43ED161FA4 /* Pods-CommonClass.release.xcconfig */;
			buildSettings = {
				ASSETCATALOG_COMPILER_APPICON_NAME = AppIcon;
				DEVELOPMENT_TEAM = L25YRTH5F6;
				ENABLE_STRICT_OBJC_MSGSEND = NO;
				INFOPLIST_FILE = CommonClass/Info.plist;
				LD_RUNPATH_SEARCH_PATHS = "$(inherited) @executable_path/Frameworks";
				PRODUCT_BUNDLE_IDENTIFIER = mycompany.CommonClass;
				PRODUCT_NAME = "$(TARGET_NAME)";
			};
			name = Release;
		};
		8EF0409A1F505DAA00080748 /* Debug */ = {
			isa = XCBuildConfiguration;
			buildSettings = {
				BUNDLE_LOADER = "$(TEST_HOST)";
				INFOPLIST_FILE = CommonClassTests/Info.plist;
				LD_RUNPATH_SEARCH_PATHS = "$(inherited) @executable_path/Frameworks @loader_path/Frameworks";
				PRODUCT_BUNDLE_IDENTIFIER = mycompany.CommonClassTests;
				PRODUCT_NAME = "$(TARGET_NAME)";
				TEST_HOST = "$(BUILT_PRODUCTS_DIR)/CommonClass.app/CommonClass";
			};
			name = Debug;
		};
		8EF0409B1F505DAA00080748 /* Release */ = {
			isa = XCBuildConfiguration;
			buildSettings = {
				BUNDLE_LOADER = "$(TEST_HOST)";
				INFOPLIST_FILE = CommonClassTests/Info.plist;
				LD_RUNPATH_SEARCH_PATHS = "$(inherited) @executable_path/Frameworks @loader_path/Frameworks";
				PRODUCT_BUNDLE_IDENTIFIER = mycompany.CommonClassTests;
				PRODUCT_NAME = "$(TARGET_NAME)";
				TEST_HOST = "$(BUILT_PRODUCTS_DIR)/CommonClass.app/CommonClass";
			};
			name = Release;
		};
		8EF0409D1F505DAA00080748 /* Debug */ = {
			isa = XCBuildConfiguration;
			buildSettings = {
				INFOPLIST_FILE = CommonClassUITests/Info.plist;
				LD_RUNPATH_SEARCH_PATHS = "$(inherited) @executable_path/Frameworks @loader_path/Frameworks";
				PRODUCT_BUNDLE_IDENTIFIER = mycompany.CommonClassUITests;
				PRODUCT_NAME = "$(TARGET_NAME)";
				TEST_TARGET_NAME = CommonClass;
			};
			name = Debug;
		};
		8EF0409E1F505DAA00080748 /* Release */ = {
			isa = XCBuildConfiguration;
			buildSettings = {
				INFOPLIST_FILE = CommonClassUITests/Info.plist;
				LD_RUNPATH_SEARCH_PATHS = "$(inherited) @executable_path/Frameworks @loader_path/Frameworks";
				PRODUCT_BUNDLE_IDENTIFIER = mycompany.CommonClassUITests;
				PRODUCT_NAME = "$(TARGET_NAME)";
				TEST_TARGET_NAME = CommonClass;
			};
			name = Release;
		};
/* End XCBuildConfiguration section */

/* Begin XCConfigurationList section */
		8EF040641F505DAA00080748 /* Build configuration list for PBXProject "CommonClass" */ = {
			isa = XCConfigurationList;
			buildConfigurations = (
				8EF040941F505DAA00080748 /* Debug */,
				8EF040951F505DAA00080748 /* Release */,
			);
			defaultConfigurationIsVisible = 0;
			defaultConfigurationName = Release;
		};
		8EF040961F505DAA00080748 /* Build configuration list for PBXNativeTarget "CommonClass" */ = {
			isa = XCConfigurationList;
			buildConfigurations = (
				8EF040971F505DAA00080748 /* Debug */,
				8EF040981F505DAA00080748 /* Release */,
			);
			defaultConfigurationIsVisible = 0;
			defaultConfigurationName = Release;
		};
		8EF040991F505DAA00080748 /* Build configuration list for PBXNativeTarget "CommonClassTests" */ = {
			isa = XCConfigurationList;
			buildConfigurations = (
				8EF0409A1F505DAA00080748 /* Debug */,
				8EF0409B1F505DAA00080748 /* Release */,
			);
			defaultConfigurationIsVisible = 0;
			defaultConfigurationName = Release;
		};
		8EF0409C1F505DAA00080748 /* Build configuration list for PBXNativeTarget "CommonClassUITests" */ = {
			isa = XCConfigurationList;
			buildConfigurations = (
				8EF0409D1F505DAA00080748 /* Debug */,
				8EF0409E1F505DAA00080748 /* Release */,
			);
			defaultConfigurationIsVisible = 0;
			defaultConfigurationName = Release;
		};
/* End XCConfigurationList section */
	};
	rootObject = 8EF040611F505DAA00080748 /* Project object */;
}
